// !$*UTF8*$!
{
	archiveVersion = 1;
	classes = {
	};
	objectVersion = 56;
	objects = {

/* Begin PBXBuildFile section */
		C68A2EF7295E4635002830F7 /* Main.storyboard in Resources */ = {isa = PBXBuildFile; fileRef = C68A2EF6295E4635002830F7 /* Main.storyboard */; };
		C6C8E8FB295E1F47009A93A0 /* AppDelegate.swift in Sources */ = {isa = PBXBuildFile; fileRef = C6C8E8FA295E1F47009A93A0 /* AppDelegate.swift */; };
		C6C8E8FD295E1F47009A93A0 /* SceneDelegate.swift in Sources */ = {isa = PBXBuildFile; fileRef = C6C8E8FC295E1F47009A93A0 /* SceneDelegate.swift */; };
		C6C8E8FF295E1F47009A93A0 /* SignUPViewController.swift in Sources */ = {isa = PBXBuildFile; fileRef = C6C8E8FE295E1F47009A93A0 /* SignUPViewController.swift */; };
		C6C8E904295E1F49009A93A0 /* Assets.xcassets in Resources */ = {isa = PBXBuildFile; fileRef = C6C8E903295E1F49009A93A0 /* Assets.xcassets */; };
		C6C8E907295E1F49009A93A0 /* LaunchScreen.storyboard in Resources */ = {isa = PBXBuildFile; fileRef = C6C8E905295E1F49009A93A0 /* LaunchScreen.storyboard */; };
		C6C8E90F295E277C009A93A0 /* StudentDetailsViewController.swift in Sources */ = {isa = PBXBuildFile; fileRef = C6C8E90E295E277C009A93A0 /* StudentDetailsViewController.swift */; };
		C6C8E911295E278A009A93A0 /* SignUpLogInViewController.swift in Sources */ = {isa = PBXBuildFile; fileRef = C6C8E910295E278A009A93A0 /* SignUpLogInViewController.swift */; };
/* End PBXBuildFile section */

/* Begin PBXFileReference section */
		C68A2EF6295E4635002830F7 /* Main.storyboard */ = {isa = PBXFileReference; fileEncoding = 4; lastKnownFileType = file.storyboard; name = Main.storyboard; path = View/Main.storyboard; sourceTree = "<group>"; };
		C6C8E8F7295E1F47009A93A0 /* Referral Simplified.app */ = {isa = PBXFileReference; explicitFileType = wrapper.application; includeInIndex = 0; path = "Referral Simplified.app"; sourceTree = BUILT_PRODUCTS_DIR; };
		C6C8E8FA295E1F47009A93A0 /* AppDelegate.swift */ = {isa = PBXFileReference; lastKnownFileType = sourcecode.swift; path = AppDelegate.swift; sourceTree = "<group>"; };
		C6C8E8FC295E1F47009A93A0 /* SceneDelegate.swift */ = {isa = PBXFileReference; lastKnownFileType = sourcecode.swift; path = SceneDelegate.swift; sourceTree = "<group>"; };
		C6C8E8FE295E1F47009A93A0 /* SignUPViewController.swift */ = {isa = PBXFileReference; lastKnownFileType = sourcecode.swift; path = SignUPViewController.swift; sourceTree = "<group>"; };
		C6C8E903295E1F49009A93A0 /* Assets.xcassets */ = {isa = PBXFileReference; lastKnownFileType = folder.assetcatalog; path = Assets.xcassets; sourceTree = "<group>"; };
		C6C8E906295E1F49009A93A0 /* Base */ = {isa = PBXFileReference; lastKnownFileType = file.storyboard; name = Base; path = Base.lproj/LaunchScreen.storyboard; sourceTree = "<group>"; };
		C6C8E908295E1F49009A93A0 /* Info.plist */ = {isa = PBXFileReference; lastKnownFileType = text.plist.xml; path = Info.plist; sourceTree = "<group>"; };
		C6C8E90E295E277C009A93A0 /* StudentDetailsViewController.swift */ = {isa = PBXFileReference; lastKnownFileType = sourcecode.swift; path = StudentDetailsViewController.swift; sourceTree = "<group>"; };
		C6C8E910295E278A009A93A0 /* SignUpLogInViewController.swift */ = {isa = PBXFileReference; lastKnownFileType = sourcecode.swift; path = SignUpLogInViewController.swift; sourceTree = "<group>"; };
/* End PBXFileReference section */

/* Begin PBXFrameworksBuildPhase section */
		C6C8E8F4295E1F47009A93A0 /* Frameworks */ = {
			isa = PBXFrameworksBuildPhase;
			buildActionMask = 2147483647;
			files = (
			);
			runOnlyForDeploymentPostprocessing = 0;
		};
/* End PBXFrameworksBuildPhase section */

/* Begin PBXGroup section */
		C62E7A04295E4604007646E3 /* View */ = {
			isa = PBXGroup;
			children = (
			);
			path = View;
			sourceTree = "<group>";
		};
		C6C8E8EE295E1F47009A93A0 = {
			isa = PBXGroup;
			children = (
				C6C8E8F9295E1F47009A93A0 /* Referral Simplified */,
				C6C8E8F8295E1F47009A93A0 /* Products */,
			);
			sourceTree = "<group>";
		};
		C6C8E8F8295E1F47009A93A0 /* Products */ = {
			isa = PBXGroup;
			children = (
				C6C8E8F7295E1F47009A93A0 /* Referral Simplified.app */,
			);
			name = Products;
			sourceTree = "<group>";
		};
		C6C8E8F9295E1F47009A93A0 /* Referral Simplified */ = {
			isa = PBXGroup;
			children = (
				C62E7A04295E4604007646E3 /* View */,
				C68A2EF6295E4635002830F7 /* Main.storyboard */,
				C6C8E916295E4107009A93A0 /* Model */,
				C6C8E918295E412D009A93A0 /* Controller */,
				C6C8E8FA295E1F47009A93A0 /* AppDelegate.swift */,
				C6C8E8FC295E1F47009A93A0 /* SceneDelegate.swift */,
				C6C8E90E295E277C009A93A0 /* StudentDetailsViewController.swift */,
				C6C8E903295E1F49009A93A0 /* Assets.xcassets */,
				C6C8E905295E1F49009A93A0 /* LaunchScreen.storyboard */,
				C6C8E908295E1F49009A93A0 /* Info.plist */,
			);
			path = "Referral Simplified";
			sourceTree = "<group>";
		};
		C6C8E916295E4107009A93A0 /* Model */ = {
			isa = PBXGroup;
			children = (
			);
			path = Model;
			sourceTree = "<group>";
		};
		C6C8E918295E412D009A93A0 /* Controller */ = {
			isa = PBXGroup;
			children = (
				C6C8E8FE295E1F47009A93A0 /* SignUPViewController.swift */,
				C6C8E910295E278A009A93A0 /* SignUpLogInViewController.swift */,
			);
			path = Controller;
			sourceTree = "<group>";
		};
/* End PBXGroup section */

/* Begin PBXNativeTarget section */
		C6C8E8F6295E1F47009A93A0 /* Referral Simplified */ = {
			isa = PBXNativeTarget;
			buildConfigurationList = C6C8E90B295E1F49009A93A0 /* Build configuration list for PBXNativeTarget "Referral Simplified" */;
			buildPhases = (
				C6C8E8F3295E1F47009A93A0 /* Sources */,
				C6C8E8F4295E1F47009A93A0 /* Frameworks */,
				C6C8E8F5295E1F47009A93A0 /* Resources */,
			);
			buildRules = (
			);
			dependencies = (
			);
			name = "Referral Simplified";
			productName = "Referral Simplified";
			productReference = C6C8E8F7295E1F47009A93A0 /* Referral Simplified.app */;
			productType = "com.apple.product-type.application";
		};
/* End PBXNativeTarget section */

/* Begin PBXProject section */
		C6C8E8EF295E1F47009A93A0 /* Project object */ = {
			isa = PBXProject;
			attributes = {
				BuildIndependentTargetsInParallel = 1;
				LastSwiftUpdateCheck = 1420;
				LastUpgradeCheck = 1420;
				TargetAttributes = {
					C6C8E8F6295E1F47009A93A0 = {
						CreatedOnToolsVersion = 14.2;
					};
				};
			};
			buildConfigurationList = C6C8E8F2295E1F47009A93A0 /* Build configuration list for PBXProject "Referral Simplified" */;
			compatibilityVersion = "Xcode 14.0";
			developmentRegion = en;
			hasScannedForEncodings = 0;
			knownRegions = (
				en,
				Base,
			);
			mainGroup = C6C8E8EE295E1F47009A93A0;
			productRefGroup = C6C8E8F8295E1F47009A93A0 /* Products */;
			projectDirPath = "";
			projectRoot = "";
			targets = (
				C6C8E8F6295E1F47009A93A0 /* Referral Simplified */,
			);
		};
/* End PBXProject section */

/* Begin PBXResourcesBuildPhase section */
		C6C8E8F5295E1F47009A93A0 /* Resources */ = {
			isa = PBXResourcesBuildPhase;
			buildActionMask = 2147483647;
			files = (
				C6C8E907295E1F49009A93A0 /* LaunchScreen.storyboard in Resources */,
				C6C8E904295E1F49009A93A0 /* Assets.xcassets in Resources */,
				C68A2EF7295E4635002830F7 /* Main.storyboard in Resources */,
			);
			runOnlyForDeploymentPostprocessing = 0;
		};
/* End PBXResourcesBuildPhase section */

/* Begin PBXSourcesBuildPhase section */
		C6C8E8F3295E1F47009A93A0 /* Sources */ = {
			isa = PBXSourcesBuildPhase;
			buildActionMask = 2147483647;
			files = (
				C6C8E8FF295E1F47009A93A0 /* SignUPViewController.swift in Sources */,
				C6C8E90F295E277C009A93A0 /* StudentDetailsViewController.swift in Sources */,
				C6C8E8FB295E1F47009A93A0 /* AppDelegate.swift in Sources */,
				C6C8E911295E278A009A93A0 /* SignUpLogInViewController.swift in Sources */,
				C6C8E8FD295E1F47009A93A0 /* SceneDelegate.swift in Sources */,
			);
			runOnlyForDeploymentPostprocessing = 0;
		};
/* End PBXSourcesBuildPhase section */

/* Begin PBXVariantGroup section */
		C6C8E905295E1F49009A93A0 /* LaunchScreen.storyboard */ = {
			isa = PBXVariantGroup;
			children = (
				C6C8E906295E1F49009A93A0 /* Base */,
			);
			name = LaunchScreen.storyboard;
			sourceTree = "<group>";
		};
/* End PBXVariantGroup section */

/* Begin XCBuildConfiguration section */
		C6C8E909295E1F49009A93A0 /* Debug */ = {
			isa = XCBuildConfiguration;
			buildSettings = {
				ALWAYS_SEARCH_USER_PATHS = NO;
				CLANG_ANALYZER_NONNULL = YES;
				CLANG_ANALYZER_NUMBER_OBJECT_CONVERSION = YES_AGGRESSIVE;
				CLANG_CXX_LANGUAGE_STANDARD = "gnu++20";
				CLANG_ENABLE_MODULES = YES;
				CLANG_ENABLE_OBJC_ARC = YES;
				CLANG_ENABLE_OBJC_WEAK = YES;
				CLANG_WARN_BLOCK_CAPTURE_AUTORELEASING = YES;
				CLANG_WARN_BOOL_CONVERSION = YES;
				CLANG_WARN_COMMA = YES;
				CLANG_WARN_CONSTANT_CONVERSION = YES;
				CLANG_WARN_DEPRECATED_OBJC_IMPLEMENTATIONS = YES;
				CLANG_WARN_DIRECT_OBJC_ISA_USAGE = YES_ERROR;
				CLANG_WARN_DOCUMENTATION_COMMENTS = YES;
				CLANG_WARN_EMPTY_BODY = YES;
				CLANG_WARN_ENUM_CONVERSION = YES;
				CLANG_WARN_INFINITE_RECURSION = YES;
				CLANG_WARN_INT_CONVERSION = YES;
				CLANG_WARN_NON_LITERAL_NULL_CONVERSION = YES;
				CLANG_WARN_OBJC_IMPLICIT_RETAIN_SELF = YES;
				CLANG_WARN_OBJC_LITERAL_CONVERSION = YES;
				CLANG_WARN_OBJC_ROOT_CLASS = YES_ERROR;
				CLANG_WARN_QUOTED_INCLUDE_IN_FRAMEWORK_HEADER = YES;
				CLANG_WARN_RANGE_LOOP_ANALYSIS = YES;
				CLANG_WARN_STRICT_PROTOTYPES = YES;
				CLANG_WARN_SUSPICIOUS_MOVE = YES;
				CLANG_WARN_UNGUARDED_AVAILABILITY = YES_AGGRESSIVE;
				CLANG_WARN_UNREACHABLE_CODE = YES;
				CLANG_WARN__DUPLICATE_METHOD_MATCH = YES;
				COPY_PHASE_STRIP = NO;
				DEBUG_INFORMATION_FORMAT = dwarf;
				ENABLE_STRICT_OBJC_MSGSEND = YES;
				ENABLE_TESTABILITY = YES;
				GCC_C_LANGUAGE_STANDARD = gnu11;
				GCC_DYNAMIC_NO_PIC = NO;
				GCC_NO_COMMON_BLOCKS = YES;
				GCC_OPTIMIZATION_LEVEL = 0;
				GCC_PREPROCESSOR_DEFINITIONS = (
					"DEBUG=1",
					"$(inherited)",
				);
				GCC_WARN_64_TO_32_BIT_CONVERSION = YES;
				GCC_WARN_ABOUT_RETURN_TYPE = YES_ERROR;
				GCC_WARN_UNDECLARED_SELECTOR = YES;
				GCC_WARN_UNINITIALIZED_AUTOS = YES_AGGRESSIVE;
				GCC_WARN_UNUSED_FUNCTION = YES;
				GCC_WARN_UNUSED_VARIABLE = YES;
				IPHONEOS_DEPLOYMENT_TARGET = 16.2;
				MTL_ENABLE_DEBUG_INFO = INCLUDE_SOURCE;
				MTL_FAST_MATH = YES;
				ONLY_ACTIVE_ARCH = YES;
				SDKROOT = iphoneos;
				SWIFT_ACTIVE_COMPILATION_CONDITIONS = DEBUG;
				SWIFT_OPTIMIZATION_LEVEL = "-Onone";
			};
			name = Debug;
		};
		C6C8E90A295E1F49009A93A0 /* Release */ = {
			isa = XCBuildConfiguration;
			buildSettings = {
				ALWAYS_SEARCH_USER_PATHS = NO;
				CLANG_ANALYZER_NONNULL = YES;
				CLANG_ANALYZER_NUMBER_OBJECT_CONVERSION = YES_AGGRESSIVE;
				CLANG_CXX_LANGUAGE_STANDARD = "gnu++20";
				CLANG_ENABLE_MODULES = YES;
				CLANG_ENABLE_OBJC_ARC = YES;
				CLANG_ENABLE_OBJC_WEAK = YES;
				CLANG_WARN_BLOCK_CAPTURE_AUTORELEASING = YES;
				CLANG_WARN_BOOL_CONVERSION = YES;
				CLANG_WARN_COMMA = YES;
				CLANG_WARN_CONSTANT_CONVERSION = YES;
				CLANG_WARN_DEPRECATED_OBJC_IMPLEMENTATIONS = YES;
				CLANG_WARN_DIRECT_OBJC_ISA_USAGE = YES_ERROR;
				CLANG_WARN_DOCUMENTATION_COMMENTS = YES;
				CLANG_WARN_EMPTY_BODY = YES;
				CLANG_WARN_ENUM_CONVERSION = YES;
				CLANG_WARN_INFINITE_RECURSION = YES;
				CLANG_WARN_INT_CONVERSION = YES;
				CLANG_WARN_NON_LITERAL_NULL_CONVERSION = YES;
				CLANG_WARN_OBJC_IMPLICIT_RETAIN_SELF = YES;
				CLANG_WARN_OBJC_LITERAL_CONVERSION = YES;
				CLANG_WARN_OBJC_ROOT_CLASS = YES_ERROR;
				CLANG_WARN_QUOTED_INCLUDE_IN_FRAMEWORK_HEADER = YES;
				CLANG_WARN_RANGE_LOOP_ANALYSIS = YES;
				CLANG_WARN_STRICT_PROTOTYPES = YES;
				CLANG_WARN_SUSPICIOUS_MOVE = YES;
				CLANG_WARN_UNGUARDED_AVAILABILITY = YES_AGGRESSIVE;
				CLANG_WARN_UNREACHABLE_CODE = YES;
				CLANG_WARN__DUPLICATE_METHOD_MATCH = YES;
				COPY_PHASE_STRIP = NO;
				DEBUG_INFORMATION_FORMAT = "dwarf-with-dsym";
				ENABLE_NS_ASSERTIONS = NO;
				ENABLE_STRICT_OBJC_MSGSEND = YES;
				GCC_C_LANGUAGE_STANDARD = gnu11;
				GCC_NO_COMMON_BLOCKS = YES;
				GCC_WARN_64_TO_32_BIT_CONVERSION = YES;
				GCC_WARN_ABOUT_RETURN_TYPE = YES_ERROR;
				GCC_WARN_UNDECLARED_SELECTOR = YES;
				GCC_WARN_UNINITIALIZED_AUTOS = YES_AGGRESSIVE;
				GCC_WARN_UNUSED_FUNCTION = YES;
				GCC_WARN_UNUSED_VARIABLE = YES;
				IPHONEOS_DEPLOYMENT_TARGET = 16.2;
				MTL_ENABLE_DEBUG_INFO = NO;
				MTL_FAST_MATH = YES;
				SDKROOT = iphoneos;
				SWIFT_COMPILATION_MODE = wholemodule;
				SWIFT_OPTIMIZATION_LEVEL = "-O";
				VALIDATE_PRODUCT = YES;
			};
			name = Release;
		};
		C6C8E90C295E1F49009A93A0 /* Debug */ = {
			isa = XCBuildConfiguration;
			buildSettings = {
				ASSETCATALOG_COMPILER_APPICON_NAME = AppIcon;
				ASSETCATALOG_COMPILER_GLOBAL_ACCENT_COLOR_NAME = AccentColor;
				CODE_SIGN_STYLE = Automatic;
				CURRENT_PROJECT_VERSION = 1;
				DEVELOPMENT_TEAM = L6UN4PT9N8;
				GENERATE_INFOPLIST_FILE = YES;
				INFOPLIST_FILE = "Referral Simplified/Info.plist";
				INFOPLIST_KEY_UIApplicationSupportsIndirectInputEvents = YES;
				INFOPLIST_KEY_UILaunchStoryboardName = LaunchScreen;
				INFOPLIST_KEY_UIMainStoryboardFile = Main;
				INFOPLIST_KEY_UISupportedInterfaceOrientations_iPad = "UIInterfaceOrientationPortrait UIInterfaceOrientationPortraitUpsideDown UIInterfaceOrientationLandscapeLeft UIInterfaceOrientationLandscapeRight";
				INFOPLIST_KEY_UISupportedInterfaceOrientations_iPhone = "UIInterfaceOrientationPortrait UIInterfaceOrientationLandscapeLeft UIInterfaceOrientationLandscapeRight";
				LD_RUNPATH_SEARCH_PATHS = (
					"$(inherited)",
					"@executable_path/Frameworks",
				);
				MARKETING_VERSION = 1.0;
				PRODUCT_BUNDLE_IDENTIFIER = "com.Roy0Anonymous.Referral-Simplified";
				PRODUCT_NAME = "$(TARGET_NAME)";
				SWIFT_EMIT_LOC_STRINGS = YES;
				SWIFT_VERSION = 5.0;
				TARGETED_DEVICE_FAMILY = "1,2";
			};
			name = Debug;
		};
		C6C8E90D295E1F49009A93A0 /* Release */ = {
			isa = XCBuildConfiguration;
			buildSettings = {
				ASSETCATALOG_COMPILER_APPICON_NAME = AppIcon;
				ASSETCATALOG_COMPILER_GLOBAL_ACCENT_COLOR_NAME = AccentColor;
				CODE_SIGN_STYLE = Automatic;
				CURRENT_PROJECT_VERSION = 1;
				DEVELOPMENT_TEAM = L6UN4PT9N8;
				GENERATE_INFOPLIST_FILE = YES;
				INFOPLIST_FILE = "Referral Simplified/Info.plist";
				INFOPLIST_KEY_UIApplicationSupportsIndirectInputEvents = YES;
				INFOPLIST_KEY_UILaunchStoryboardName = LaunchScreen;
				INFOPLIST_KEY_UIMainStoryboardFile = Main;
				INFOPLIST_KEY_UISupportedInterfaceOrientations_iPad = "UIInterfaceOrientationPortrait UIInterfaceOrientationPortraitUpsideDown UIInterfaceOrientationLandscapeLeft UIInterfaceOrientationLandscapeRight";
				INFOPLIST_KEY_UISupportedInterfaceOrientations_iPhone = "UIInterfaceOrientationPortrait UIInterfaceOrientationLandscapeLeft UIInterfaceOrientationLandscapeRight";
				LD_RUNPATH_SEARCH_PATHS = (
					"$(inherited)",
					"@executable_path/Frameworks",
				);
				MARKETING_VERSION = 1.0;
				PRODUCT_BUNDLE_IDENTIFIER = "com.Roy0Anonymous.Referral-Simplified";
				PRODUCT_NAME = "$(TARGET_NAME)";
				SWIFT_EMIT_LOC_STRINGS = YES;
				SWIFT_VERSION = 5.0;
				TARGETED_DEVICE_FAMILY = "1,2";
			};
			name = Release;
		};
/* End XCBuildConfiguration section */

/* Begin XCConfigurationList section */
		C6C8E8F2295E1F47009A93A0 /* Build configuration list for PBXProject "Referral Simplified" */ = {
			isa = XCConfigurationList;
			buildConfigurations = (
				C6C8E909295E1F49009A93A0 /* Debug */,
				C6C8E90A295E1F49009A93A0 /* Release */,
			);
			defaultConfigurationIsVisible = 0;
			defaultConfigurationName = Release;
		};
		C6C8E90B295E1F49009A93A0 /* Build configuration list for PBXNativeTarget "Referral Simplified" */ = {
			isa = XCConfigurationList;
			buildConfigurations = (
				C6C8E90C295E1F49009A93A0 /* Debug */,
				C6C8E90D295E1F49009A93A0 /* Release */,
			);
			defaultConfigurationIsVisible = 0;
			defaultConfigurationName = Release;
		};
/* End XCConfigurationList section */
	};
	rootObject = C6C8E8EF295E1F47009A93A0 /* Project object */;
}
